
Microsoft Visual Studio Solution File, Format Version 12.00
# Visual Studio Version 17
VisualStudioVersion = 17.4.33122.133
MinimumVisualStudioVersion = 10.0.40219.1
Project("{FAE04EC0-301F-11D3-BF4B-00C04F79EFBC}") = "Prakticheskaya_2_Zadanie_2", "Prakticheskaya_2_Zadanie_2\Prakticheskaya_2_Zadanie_2.csproj", "{45D3AB6D-E5DB-4F91-BAAD-2CA623902365}"
EndProject
Global
	GlobalSection(SolutionConfigurationPlatforms) = preSolution
		Debug|Any CPU = Debug|Any CPU
		Release|Any CPU = Release|Any CPU
	EndGlobalSection
	GlobalSection(ProjectConfigurationPlatforms) = postSolution
		{45D3AB6D-E5DB-4F91-BAAD-2CA623902365}.Debug|Any CPU.ActiveCfg = Debug|Any CPU
		{45D3AB6D-E5DB-4F91-BAAD-2CA623902365}.Debug|Any CPU.Build.0 = Debug|Any CPU
		{45D3AB6D-E5DB-4F91-BAAD-2CA623902365}.Release|Any CPU.ActiveCfg = Release|Any CPU
		{45D3AB6D-E5DB-4F91-BAAD-2CA623902365}.Release|Any CPU.Build.0 = Release|Any CPU
	EndGlobalSection
	GlobalSection(SolutionProperties) = preSolution
		HideSolutionNode = FALSE
	EndGlobalSection
	GlobalSection(ExtensibilityGlobals) = postSolution
		SolutionGuid = {DA5B0B66-F24A-435A-A7A9-FDFDD3881358}
	EndGlobalSection
EndGlobal
